
Microsoft Visual Studio Solution File, Format Version 12.00
# Visual Studio Version 17
VisualStudioVersion = 17.0.32014.148
MinimumVisualStudioVersion = 10.0.40219.1
Project("{FAE04EC0-301F-11D3-BF4B-00C04F79EFBC}") = "NLayerDenemeApi", "NLayerDenemeApi\NLayerDenemeApi.csproj", "{0529CD42-BA87-4AB2-B1C2-2B957F612DFB}"
EndProject
Project("{FAE04EC0-301F-11D3-BF4B-00C04F79EFBC}") = "Nlayer.Core", "Nlayer.Core\Nlayer.Core.csproj", "{CABACD94-A4F5-4196-BC2E-33EACA0F4B18}"
EndProject
Project("{FAE04EC0-301F-11D3-BF4B-00C04F79EFBC}") = "NLayer.Repository", "NLayer.Repository\NLayer.Repository.csproj", "{0AAE4362-374F-4550-A716-97154C214D96}"
EndProject
Project("{FAE04EC0-301F-11D3-BF4B-00C04F79EFBC}") = "NLayer.Service", "NLayer.Service\NLayer.Service.csproj", "{BAEA7C3B-17F2-4B4F-BF20-E4E91CC57BAB}"
EndProject
Project("{FAE04EC0-301F-11D3-BF4B-00C04F79EFBC}") = "NLayer.WEB", "NLayer.WEB\NLayer.WEB.csproj", "{BAE87ED1-70FD-4348-A011-49A2D8B1F70E}"
EndProject
Global
	GlobalSection(SolutionConfigurationPlatforms) = preSolution
		Debug|Any CPU = Debug|Any CPU
		Release|Any CPU = Release|Any CPU
	EndGlobalSection
	GlobalSection(ProjectConfigurationPlatforms) = postSolution
		{0529CD42-BA87-4AB2-B1C2-2B957F612DFB}.Debug|Any CPU.ActiveCfg = Debug|Any CPU
		{0529CD42-BA87-4AB2-B1C2-2B957F612DFB}.Debug|Any CPU.Build.0 = Debug|Any CPU
		{0529CD42-BA87-4AB2-B1C2-2B957F612DFB}.Release|Any CPU.ActiveCfg = Release|Any CPU
		{0529CD42-BA87-4AB2-B1C2-2B957F612DFB}.Release|Any CPU.Build.0 = Release|Any CPU
		{CABACD94-A4F5-4196-BC2E-33EACA0F4B18}.Debug|Any CPU.ActiveCfg = Debug|Any CPU
		{CABACD94-A4F5-4196-BC2E-33EACA0F4B18}.Debug|Any CPU.Build.0 = Debug|Any CPU
		{CABACD94-A4F5-4196-BC2E-33EACA0F4B18}.Release|Any CPU.ActiveCfg = Release|Any CPU
		{CABACD94-A4F5-4196-BC2E-33EACA0F4B18}.Release|Any CPU.Build.0 = Release|Any CPU
		{0AAE4362-374F-4550-A716-97154C214D96}.Debug|Any CPU.ActiveCfg = Debug|Any CPU
		{0AAE4362-374F-4550-A716-97154C214D96}.Debug|Any CPU.Build.0 = Debug|Any CPU
		{0AAE4362-374F-4550-A716-97154C214D96}.Release|Any CPU.ActiveCfg = Release|Any CPU
		{0AAE4362-374F-4550-A716-97154C214D96}.Release|Any CPU.Build.0 = Release|Any CPU
		{BAEA7C3B-17F2-4B4F-BF20-E4E91CC57BAB}.Debug|Any CPU.ActiveCfg = Debug|Any CPU
		{BAEA7C3B-17F2-4B4F-BF20-E4E91CC57BAB}.Debug|Any CPU.Build.0 = Debug|Any CPU
		{BAEA7C3B-17F2-4B4F-BF20-E4E91CC57BAB}.Release|Any CPU.ActiveCfg = Release|Any CPU
		{BAEA7C3B-17F2-4B4F-BF20-E4E91CC57BAB}.Release|Any CPU.Build.0 = Release|Any CPU
		{BAE87ED1-70FD-4348-A011-49A2D8B1F70E}.Debug|Any CPU.ActiveCfg = Debug|Any CPU
		{BAE87ED1-70FD-4348-A011-49A2D8B1F70E}.Debug|Any CPU.Build.0 = Debug|Any CPU
		{BAE87ED1-70FD-4348-A011-49A2D8B1F70E}.Release|Any CPU.ActiveCfg = Release|Any CPU
		{BAE87ED1-70FD-4348-A011-49A2D8B1F70E}.Release|Any CPU.Build.0 = Release|Any CPU
	EndGlobalSection
	GlobalSection(SolutionProperties) = preSolution
		HideSolutionNode = FALSE
	EndGlobalSection
	GlobalSection(ExtensibilityGlobals) = postSolution
		SolutionGuid = {D1B3B777-2D8D-4E43-886F-57D1BAE2C30E}
	EndGlobalSection
EndGlobal
